
Microsoft Visual Studio Solution File, Format Version 12.00
# Visual Studio Version 17
VisualStudioVersion = 17.1.32210.238
MinimumVisualStudioVersion = 10.0.40219.1
Project("{FAE04EC0-301F-11D3-BF4B-00C04F79EFBC}") = "ZouJinwei-0502AllLabApp", "ZouJinwei-0502AllLabApp\ZouJinwei-0502AllLabApp.csproj", "{80351B0C-1028-4991-AC1B-9018863D28F3}"
EndProject
Project("{FAE04EC0-301F-11D3-BF4B-00C04F79EFBC}") = "LabAss2", "LabAss2\LabAss2.csproj", "{1E62BDE4-CE76-4375-A368-312BED90826E}"
EndProject
Global
	GlobalSection(SolutionConfigurationPlatforms) = preSolution
		Debug|Any CPU = Debug|Any CPU
		Release|Any CPU = Release|Any CPU
	EndGlobalSection
	GlobalSection(ProjectConfigurationPlatforms) = postSolution
		{80351B0C-1028-4991-AC1B-9018863D28F3}.Debug|Any CPU.ActiveCfg = Debug|Any CPU
		{80351B0C-1028-4991-AC1B-9018863D28F3}.Debug|Any CPU.Build.0 = Debug|Any CPU
		{80351B0C-1028-4991-AC1B-9018863D28F3}.Release|Any CPU.ActiveCfg = Release|Any CPU
		{80351B0C-1028-4991-AC1B-9018863D28F3}.Release|Any CPU.Build.0 = Release|Any CPU
		{1E62BDE4-CE76-4375-A368-312BED90826E}.Debug|Any CPU.ActiveCfg = Debug|Any CPU
		{1E62BDE4-CE76-4375-A368-312BED90826E}.Debug|Any CPU.Build.0 = Debug|Any CPU
		{1E62BDE4-CE76-4375-A368-312BED90826E}.Release|Any CPU.ActiveCfg = Release|Any CPU
		{1E62BDE4-CE76-4375-A368-312BED90826E}.Release|Any CPU.Build.0 = Release|Any CPU
	EndGlobalSection
	GlobalSection(SolutionProperties) = preSolution
		HideSolutionNode = FALSE
	EndGlobalSection
	GlobalSection(ExtensibilityGlobals) = postSolution
		SolutionGuid = {8EBC914F-AF14-4B96-AA32-C2F4C64B3473}
	EndGlobalSection
EndGlobal
